
Microsoft Visual Studio Solution File, Format Version 12.00
# Visual Studio Version 16
VisualStudioVersion = 16.0.29318.209
MinimumVisualStudioVersion = 10.0.40219.1
Project("{FAE04EC0-301F-11D3-BF4B-00C04F79EFBC}") = "AppleAndOrange", "AppleAndOrange\AppleAndOrange.csproj", "{23244190-3805-47C6-8998-CD3E5BF86E2F}"
EndProject
Global
	GlobalSection(SolutionConfigurationPlatforms) = preSolution
		Debug|Any CPU = Debug|Any CPU
		Release|Any CPU = Release|Any CPU
	EndGlobalSection
	GlobalSection(ProjectConfigurationPlatforms) = postSolution
		{23244190-3805-47C6-8998-CD3E5BF86E2F}.Debug|Any CPU.ActiveCfg = Debug|Any CPU
		{23244190-3805-47C6-8998-CD3E5BF86E2F}.Debug|Any CPU.Build.0 = Debug|Any CPU
		{23244190-3805-47C6-8998-CD3E5BF86E2F}.Release|Any CPU.ActiveCfg = Release|Any CPU
		{23244190-3805-47C6-8998-CD3E5BF86E2F}.Release|Any CPU.Build.0 = Release|Any CPU
	EndGlobalSection
	GlobalSection(SolutionProperties) = preSolution
		HideSolutionNode = FALSE
	EndGlobalSection
	GlobalSection(ExtensibilityGlobals) = postSolution
		SolutionGuid = {D6905AF4-3F5E-4682-BF5F-60616EEC2A85}
	EndGlobalSection
EndGlobal
